// !$*UTF8*$!
{
	archiveVersion = 1;
	classes = {
	};
	objectVersion = 50;
	objects = {

/* Begin PBXBuildFile section */
		D349FCED22C0A009001F5EA7 /* PopularViewController.swift in Sources */ = {isa = PBXBuildFile; fileRef = D349FCEC22C0A009001F5EA7 /* PopularViewController.swift */; };
		D349FCEF22C0A336001F5EA7 /* UpcomingViewController.swift in Sources */ = {isa = PBXBuildFile; fileRef = D349FCEE22C0A336001F5EA7 /* UpcomingViewController.swift */; };
		D349FCF222C0BCFF001F5EA7 /* NetworkAdapter.swift in Sources */ = {isa = PBXBuildFile; fileRef = D349FCF122C0BCFF001F5EA7 /* NetworkAdapter.swift */; };
		D349FCF422C0C601001F5EA7 /* Genre.swift in Sources */ = {isa = PBXBuildFile; fileRef = D349FCF322C0C601001F5EA7 /* Genre.swift */; };
		D349FCF722C0EE84001F5EA7 /* GenresViewModel.swift in Sources */ = {isa = PBXBuildFile; fileRef = D349FCF622C0EE84001F5EA7 /* GenresViewModel.swift */; };
		D349FCF922C0EEA8001F5EA7 /* GenersViewModelProtocol.swift in Sources */ = {isa = PBXBuildFile; fileRef = D349FCF822C0EEA8001F5EA7 /* GenersViewModelProtocol.swift */; };
		D349FCFB22C0EFD1001F5EA7 /* GenersViewModelDelegate.swift in Sources */ = {isa = PBXBuildFile; fileRef = D349FCFA22C0EFD1001F5EA7 /* GenersViewModelDelegate.swift */; };
		D349FCFD22C0F671001F5EA7 /* UITableView+Extension.swift in Sources */ = {isa = PBXBuildFile; fileRef = D349FCFC22C0F671001F5EA7 /* UITableView+Extension.swift */; };
		D3DACE3722BB9EA40046E93F /* AppDelegate.swift in Sources */ = {isa = PBXBuildFile; fileRef = D3DACE3622BB9EA40046E93F /* AppDelegate.swift */; };
		D3DACE3922BB9EA40046E93F /* MainTabBarController.swift in Sources */ = {isa = PBXBuildFile; fileRef = D3DACE3822BB9EA40046E93F /* MainTabBarController.swift */; };
		D3DACE3E22BB9EA70046E93F /* Assets.xcassets in Resources */ = {isa = PBXBuildFile; fileRef = D3DACE3D22BB9EA70046E93F /* Assets.xcassets */; };
		D3DACE4122BB9EA70046E93F /* LaunchScreen.storyboard in Resources */ = {isa = PBXBuildFile; fileRef = D3DACE3F22BB9EA70046E93F /* LaunchScreen.storyboard */; };
		D3DACE4922BCE1DE0046E93F /* MoviesViewController.swift in Sources */ = {isa = PBXBuildFile; fileRef = D3DACE4822BCE1DE0046E93F /* MoviesViewController.swift */; };
		D3DACE4B22BCE1F00046E93F /* GenresViewController.swift in Sources */ = {isa = PBXBuildFile; fileRef = D3DACE4A22BCE1F00046E93F /* GenresViewController.swift */; };
		D3DACE5122BCF1BD0046E93F /* MovieTableViewCell.swift in Sources */ = {isa = PBXBuildFile; fileRef = D3DACE5022BCF1BD0046E93F /* MovieTableViewCell.swift */; };
		D3DD13AC22C20ED300D2786B /* PopularViewModel.swift in Sources */ = {isa = PBXBuildFile; fileRef = D3DD13AB22C20ED300D2786B /* PopularViewModel.swift */; };
		D3DD13AE22C20F0000D2786B /* PopularViewModelProtocol.swift in Sources */ = {isa = PBXBuildFile; fileRef = D3DD13AD22C20F0000D2786B /* PopularViewModelProtocol.swift */; };
		D3DD13B022C20F1600D2786B /* PopularViewModelDelegate.swift in Sources */ = {isa = PBXBuildFile; fileRef = D3DD13AF22C20F1600D2786B /* PopularViewModelDelegate.swift */; };
		D3DD13B222C20FFE00D2786B /* PopularMovie.swift in Sources */ = {isa = PBXBuildFile; fileRef = D3DD13B122C20FFE00D2786B /* PopularMovie.swift */; };
		D3DD13B622C213AC00D2786B /* PopularCollectionViewCell.swift in Sources */ = {isa = PBXBuildFile; fileRef = D3DD13B522C213AC00D2786B /* PopularCollectionViewCell.swift */; };
		D3DD13B822C2141900D2786B /* UICollectionView+Extension.swift in Sources */ = {isa = PBXBuildFile; fileRef = D3DD13B722C2141900D2786B /* UICollectionView+Extension.swift */; };
		D3DD13BA22C34DEE00D2786B /* UpcomingViewModel.swift in Sources */ = {isa = PBXBuildFile; fileRef = D3DD13B922C34DEE00D2786B /* UpcomingViewModel.swift */; };
		D3DD13BC22C34E0400D2786B /* UpcomingViewModelProtocol.swift in Sources */ = {isa = PBXBuildFile; fileRef = D3DD13BB22C34E0400D2786B /* UpcomingViewModelProtocol.swift */; };
		D3DD13BE22C34E1C00D2786B /* UpcomingViewModelDelegate.swift in Sources */ = {isa = PBXBuildFile; fileRef = D3DD13BD22C34E1C00D2786B /* UpcomingViewModelDelegate.swift */; };
		D3DD13C022C34FFE00D2786B /* UpcomingMovie.swift in Sources */ = {isa = PBXBuildFile; fileRef = D3DD13BF22C34FFE00D2786B /* UpcomingMovie.swift */; };
		D3DD13C222C3676000D2786B /* UpcomingCollectionViewCell.swift in Sources */ = {isa = PBXBuildFile; fileRef = D3DD13C122C3676000D2786B /* UpcomingCollectionViewCell.swift */; };
		D3DD13C522C3743E00D2786B /* MovieDetailViewController.swift in Sources */ = {isa = PBXBuildFile; fileRef = D3DD13C422C3743E00D2786B /* MovieDetailViewController.swift */; };
		D3DD13C722C3745B00D2786B /* MovieDetailViewModel.swift in Sources */ = {isa = PBXBuildFile; fileRef = D3DD13C622C3745B00D2786B /* MovieDetailViewModel.swift */; };
		D3DD13C922C3747400D2786B /* MovieDetailViewModelProtocol.swift in Sources */ = {isa = PBXBuildFile; fileRef = D3DD13C822C3747400D2786B /* MovieDetailViewModelProtocol.swift */; };
		D3DD13CB22C3749E00D2786B /* MovieDetailViewModelDelegate.swift in Sources */ = {isa = PBXBuildFile; fileRef = D3DD13CA22C3749E00D2786B /* MovieDetailViewModelDelegate.swift */; };
		D3DD13CD22C3754300D2786B /* MovieDetail.swift in Sources */ = {isa = PBXBuildFile; fileRef = D3DD13CC22C3754300D2786B /* MovieDetail.swift */; };
		D3DD13CF22C4A27900D2786B /* SimilarMoviesCollectionViewCell.swift in Sources */ = {isa = PBXBuildFile; fileRef = D3DD13CE22C4A27900D2786B /* SimilarMoviesCollectionViewCell.swift */; };
		D3DD13D222C4B65C00D2786B /* SimilarViewModel.swift in Sources */ = {isa = PBXBuildFile; fileRef = D3DD13D122C4B65C00D2786B /* SimilarViewModel.swift */; };
		D3DD13D422C4B66F00D2786B /* SimilarViewModelProtocol.swift in Sources */ = {isa = PBXBuildFile; fileRef = D3DD13D322C4B66F00D2786B /* SimilarViewModelProtocol.swift */; };
		D3DD13D622C4B68100D2786B /* SimilarViewModelDelegate.swift in Sources */ = {isa = PBXBuildFile; fileRef = D3DD13D522C4B68100D2786B /* SimilarViewModelDelegate.swift */; };
		D3DD13D822C4B7E100D2786B /* SimilarMovie.swift in Sources */ = {isa = PBXBuildFile; fileRef = D3DD13D722C4B7E100D2786B /* SimilarMovie.swift */; };
		D3DD13DB22C4CE3200D2786B /* MovieImagesViewController.swift in Sources */ = {isa = PBXBuildFile; fileRef = D3DD13DA22C4CE3200D2786B /* MovieImagesViewController.swift */; };
		D3DD13DD22C4D5B600D2786B /* ImageMoviesCollectionViewCell.swift in Sources */ = {isa = PBXBuildFile; fileRef = D3DD13DC22C4D5B600D2786B /* ImageMoviesCollectionViewCell.swift */; };
		D3DD13DF22C4DFD700D2786B /* MovieImagesViewModel.swift in Sources */ = {isa = PBXBuildFile; fileRef = D3DD13DE22C4DFD700D2786B /* MovieImagesViewModel.swift */; };
		D3DD13E122C4DFEB00D2786B /* MovieImagesViewModelProtocol.swift in Sources */ = {isa = PBXBuildFile; fileRef = D3DD13E022C4DFEB00D2786B /* MovieImagesViewModelProtocol.swift */; };
		D3DD13E322C4E00100D2786B /* MovieImagesViewModelDelegate.swift in Sources */ = {isa = PBXBuildFile; fileRef = D3DD13E222C4E00100D2786B /* MovieImagesViewModelDelegate.swift */; };
		D3DD13E522C4E2EF00D2786B /* ImageMovie.swift in Sources */ = {isa = PBXBuildFile; fileRef = D3DD13E422C4E2EF00D2786B /* ImageMovie.swift */; };
		D3DD13E922C6129000D2786B /* GenreMoviesViewController.swift in Sources */ = {isa = PBXBuildFile; fileRef = D3DD13E822C6129000D2786B /* GenreMoviesViewController.swift */; };
		D3DD13EB22C6137600D2786B /* GenreMoviesViewModel.swift in Sources */ = {isa = PBXBuildFile; fileRef = D3DD13EA22C6137600D2786B /* GenreMoviesViewModel.swift */; };
		D3DD13ED22C6149000D2786B /* GenreMoviesViewModelDelegate.swift in Sources */ = {isa = PBXBuildFile; fileRef = D3DD13EC22C6149000D2786B /* GenreMoviesViewModelDelegate.swift */; };
		D3DD13EF22C614AE00D2786B /* GenreMoviesViewModelProtocol.swift in Sources */ = {isa = PBXBuildFile; fileRef = D3DD13EE22C614AE00D2786B /* GenreMoviesViewModelProtocol.swift */; };
		D3DD13F122C61B3700D2786B /* GenreMovie.swift in Sources */ = {isa = PBXBuildFile; fileRef = D3DD13F022C61B3700D2786B /* GenreMovie.swift */; };
		D3DD13F322C62BD500D2786B /* GenreMoviesCollectionViewCell.swift in Sources */ = {isa = PBXBuildFile; fileRef = D3DD13F222C62BD500D2786B /* GenreMoviesCollectionViewCell.swift */; };
		D3DD13F622C639EC00D2786B /* DetailViewController.swift in Sources */ = {isa = PBXBuildFile; fileRef = D3DD13F522C639EC00D2786B /* DetailViewController.swift */; };
		D3DD13F822C63A1400D2786B /* DetailViewModel.swift in Sources */ = {isa = PBXBuildFile; fileRef = D3DD13F722C63A1400D2786B /* DetailViewModel.swift */; };
		D3DD13FA22C63A2B00D2786B /* DetailViewModelDelegate.swift in Sources */ = {isa = PBXBuildFile; fileRef = D3DD13F922C63A2B00D2786B /* DetailViewModelDelegate.swift */; };
		D3DD13FC22C63A4300D2786B /* DetailViewModelProtocol.swift in Sources */ = {isa = PBXBuildFile; fileRef = D3DD13FB22C63A4300D2786B /* DetailViewModelProtocol.swift */; };
/* End PBXBuildFile section */

/* Begin PBXFileReference section */
		D349FCEC22C0A009001F5EA7 /* PopularViewController.swift */ = {isa = PBXFileReference; lastKnownFileType = sourcecode.swift; path = PopularViewController.swift; sourceTree = "<group>"; };
		D349FCEE22C0A336001F5EA7 /* UpcomingViewController.swift */ = {isa = PBXFileReference; lastKnownFileType = sourcecode.swift; path = UpcomingViewController.swift; sourceTree = "<group>"; };
		D349FCF122C0BCFF001F5EA7 /* NetworkAdapter.swift */ = {isa = PBXFileReference; lastKnownFileType = sourcecode.swift; path = NetworkAdapter.swift; sourceTree = "<group>"; };
		D349FCF322C0C601001F5EA7 /* Genre.swift */ = {isa = PBXFileReference; lastKnownFileType = sourcecode.swift; path = Genre.swift; sourceTree = "<group>"; };
		D349FCF622C0EE84001F5EA7 /* GenresViewModel.swift */ = {isa = PBXFileReference; lastKnownFileType = sourcecode.swift; path = GenresViewModel.swift; sourceTree = "<group>"; };
		D349FCF822C0EEA8001F5EA7 /* GenersViewModelProtocol.swift */ = {isa = PBXFileReference; lastKnownFileType = sourcecode.swift; path = GenersViewModelProtocol.swift; sourceTree = "<group>"; };
		D349FCFA22C0EFD1001F5EA7 /* GenersViewModelDelegate.swift */ = {isa = PBXFileReference; lastKnownFileType = sourcecode.swift; path = GenersViewModelDelegate.swift; sourceTree = "<group>"; };
		D349FCFC22C0F671001F5EA7 /* UITableView+Extension.swift */ = {isa = PBXFileReference; lastKnownFileType = sourcecode.swift; path = "UITableView+Extension.swift"; sourceTree = "<group>"; };
		D3DACE3322BB9EA40046E93F /* TMDb.app */ = {isa = PBXFileReference; explicitFileType = wrapper.application; includeInIndex = 0; path = TMDb.app; sourceTree = BUILT_PRODUCTS_DIR; };
		D3DACE3622BB9EA40046E93F /* AppDelegate.swift */ = {isa = PBXFileReference; lastKnownFileType = sourcecode.swift; path = AppDelegate.swift; sourceTree = "<group>"; };
		D3DACE3822BB9EA40046E93F /* MainTabBarController.swift */ = {isa = PBXFileReference; lastKnownFileType = sourcecode.swift; path = MainTabBarController.swift; sourceTree = "<group>"; };
		D3DACE3D22BB9EA70046E93F /* Assets.xcassets */ = {isa = PBXFileReference; lastKnownFileType = folder.assetcatalog; path = Assets.xcassets; sourceTree = "<group>"; };
		D3DACE4022BB9EA70046E93F /* Base */ = {isa = PBXFileReference; lastKnownFileType = file.storyboard; name = Base; path = Base.lproj/LaunchScreen.storyboard; sourceTree = "<group>"; };
		D3DACE4222BB9EA70046E93F /* Info.plist */ = {isa = PBXFileReference; lastKnownFileType = text.plist.xml; path = Info.plist; sourceTree = "<group>"; };
		D3DACE4822BCE1DE0046E93F /* MoviesViewController.swift */ = {isa = PBXFileReference; lastKnownFileType = sourcecode.swift; path = MoviesViewController.swift; sourceTree = "<group>"; };
		D3DACE4A22BCE1F00046E93F /* GenresViewController.swift */ = {isa = PBXFileReference; lastKnownFileType = sourcecode.swift; path = GenresViewController.swift; sourceTree = "<group>"; };
		D3DACE5022BCF1BD0046E93F /* MovieTableViewCell.swift */ = {isa = PBXFileReference; lastKnownFileType = sourcecode.swift; path = MovieTableViewCell.swift; sourceTree = "<group>"; };
		D3DD13AB22C20ED300D2786B /* PopularViewModel.swift */ = {isa = PBXFileReference; lastKnownFileType = sourcecode.swift; path = PopularViewModel.swift; sourceTree = "<group>"; };
		D3DD13AD22C20F0000D2786B /* PopularViewModelProtocol.swift */ = {isa = PBXFileReference; lastKnownFileType = sourcecode.swift; path = PopularViewModelProtocol.swift; sourceTree = "<group>"; };
		D3DD13AF22C20F1600D2786B /* PopularViewModelDelegate.swift */ = {isa = PBXFileReference; lastKnownFileType = sourcecode.swift; path = PopularViewModelDelegate.swift; sourceTree = "<group>"; };
		D3DD13B122C20FFE00D2786B /* PopularMovie.swift */ = {isa = PBXFileReference; lastKnownFileType = sourcecode.swift; path = PopularMovie.swift; sourceTree = "<group>"; };
		D3DD13B522C213AC00D2786B /* PopularCollectionViewCell.swift */ = {isa = PBXFileReference; lastKnownFileType = sourcecode.swift; path = PopularCollectionViewCell.swift; sourceTree = "<group>"; };
		D3DD13B722C2141900D2786B /* UICollectionView+Extension.swift */ = {isa = PBXFileReference; lastKnownFileType = sourcecode.swift; path = "UICollectionView+Extension.swift"; sourceTree = "<group>"; };
		D3DD13B922C34DEE00D2786B /* UpcomingViewModel.swift */ = {isa = PBXFileReference; lastKnownFileType = sourcecode.swift; path = UpcomingViewModel.swift; sourceTree = "<group>"; };
		D3DD13BB22C34E0400D2786B /* UpcomingViewModelProtocol.swift */ = {isa = PBXFileReference; lastKnownFileType = sourcecode.swift; path = UpcomingViewModelProtocol.swift; sourceTree = "<group>"; };
		D3DD13BD22C34E1C00D2786B /* UpcomingViewModelDelegate.swift */ = {isa = PBXFileReference; lastKnownFileType = sourcecode.swift; path = UpcomingViewModelDelegate.swift; sourceTree = "<group>"; };
		D3DD13BF22C34FFE00D2786B /* UpcomingMovie.swift */ = {isa = PBXFileReference; lastKnownFileType = sourcecode.swift; path = UpcomingMovie.swift; sourceTree = "<group>"; };
		D3DD13C122C3676000D2786B /* UpcomingCollectionViewCell.swift */ = {isa = PBXFileReference; lastKnownFileType = sourcecode.swift; path = UpcomingCollectionViewCell.swift; sourceTree = "<group>"; };
		D3DD13C422C3743E00D2786B /* MovieDetailViewController.swift */ = {isa = PBXFileReference; lastKnownFileType = sourcecode.swift; path = MovieDetailViewController.swift; sourceTree = "<group>"; };
		D3DD13C622C3745B00D2786B /* MovieDetailViewModel.swift */ = {isa = PBXFileReference; lastKnownFileType = sourcecode.swift; path = MovieDetailViewModel.swift; sourceTree = "<group>"; };
		D3DD13C822C3747400D2786B /* MovieDetailViewModelProtocol.swift */ = {isa = PBXFileReference; lastKnownFileType = sourcecode.swift; path = MovieDetailViewModelProtocol.swift; sourceTree = "<group>"; };
		D3DD13CA22C3749E00D2786B /* MovieDetailViewModelDelegate.swift */ = {isa = PBXFileReference; lastKnownFileType = sourcecode.swift; path = MovieDetailViewModelDelegate.swift; sourceTree = "<group>"; };
		D3DD13CC22C3754300D2786B /* MovieDetail.swift */ = {isa = PBXFileReference; lastKnownFileType = sourcecode.swift; path = MovieDetail.swift; sourceTree = "<group>"; };
		D3DD13CE22C4A27900D2786B /* SimilarMoviesCollectionViewCell.swift */ = {isa = PBXFileReference; lastKnownFileType = sourcecode.swift; path = SimilarMoviesCollectionViewCell.swift; sourceTree = "<group>"; };
		D3DD13D122C4B65C00D2786B /* SimilarViewModel.swift */ = {isa = PBXFileReference; lastKnownFileType = sourcecode.swift; path = SimilarViewModel.swift; sourceTree = "<group>"; };
		D3DD13D322C4B66F00D2786B /* SimilarViewModelProtocol.swift */ = {isa = PBXFileReference; lastKnownFileType = sourcecode.swift; path = SimilarViewModelProtocol.swift; sourceTree = "<group>"; };
		D3DD13D522C4B68100D2786B /* SimilarViewModelDelegate.swift */ = {isa = PBXFileReference; lastKnownFileType = sourcecode.swift; path = SimilarViewModelDelegate.swift; sourceTree = "<group>"; };
		D3DD13D722C4B7E100D2786B /* SimilarMovie.swift */ = {isa = PBXFileReference; lastKnownFileType = sourcecode.swift; path = SimilarMovie.swift; sourceTree = "<group>"; };
		D3DD13DA22C4CE3200D2786B /* MovieImagesViewController.swift */ = {isa = PBXFileReference; lastKnownFileType = sourcecode.swift; path = MovieImagesViewController.swift; sourceTree = "<group>"; };
		D3DD13DC22C4D5B600D2786B /* ImageMoviesCollectionViewCell.swift */ = {isa = PBXFileReference; lastKnownFileType = sourcecode.swift; path = ImageMoviesCollectionViewCell.swift; sourceTree = "<group>"; };
		D3DD13DE22C4DFD700D2786B /* MovieImagesViewModel.swift */ = {isa = PBXFileReference; lastKnownFileType = sourcecode.swift; path = MovieImagesViewModel.swift; sourceTree = "<group>"; };
		D3DD13E022C4DFEB00D2786B /* MovieImagesViewModelProtocol.swift */ = {isa = PBXFileReference; lastKnownFileType = sourcecode.swift; path = MovieImagesViewModelProtocol.swift; sourceTree = "<group>"; };
		D3DD13E222C4E00100D2786B /* MovieImagesViewModelDelegate.swift */ = {isa = PBXFileReference; lastKnownFileType = sourcecode.swift; path = MovieImagesViewModelDelegate.swift; sourceTree = "<group>"; };
		D3DD13E422C4E2EF00D2786B /* ImageMovie.swift */ = {isa = PBXFileReference; lastKnownFileType = sourcecode.swift; path = ImageMovie.swift; sourceTree = "<group>"; };
		D3DD13E822C6129000D2786B /* GenreMoviesViewController.swift */ = {isa = PBXFileReference; lastKnownFileType = sourcecode.swift; path = GenreMoviesViewController.swift; sourceTree = "<group>"; };
		D3DD13EA22C6137600D2786B /* GenreMoviesViewModel.swift */ = {isa = PBXFileReference; lastKnownFileType = sourcecode.swift; path = GenreMoviesViewModel.swift; sourceTree = "<group>"; };
		D3DD13EC22C6149000D2786B /* GenreMoviesViewModelDelegate.swift */ = {isa = PBXFileReference; lastKnownFileType = sourcecode.swift; path = GenreMoviesViewModelDelegate.swift; sourceTree = "<group>"; };
		D3DD13EE22C614AE00D2786B /* GenreMoviesViewModelProtocol.swift */ = {isa = PBXFileReference; lastKnownFileType = sourcecode.swift; path = GenreMoviesViewModelProtocol.swift; sourceTree = "<group>"; };
		D3DD13F022C61B3700D2786B /* GenreMovie.swift */ = {isa = PBXFileReference; lastKnownFileType = sourcecode.swift; path = GenreMovie.swift; sourceTree = "<group>"; };
		D3DD13F222C62BD500D2786B /* GenreMoviesCollectionViewCell.swift */ = {isa = PBXFileReference; lastKnownFileType = sourcecode.swift; path = GenreMoviesCollectionViewCell.swift; sourceTree = "<group>"; };
		D3DD13F522C639EC00D2786B /* DetailViewController.swift */ = {isa = PBXFileReference; lastKnownFileType = sourcecode.swift; path = DetailViewController.swift; sourceTree = "<group>"; };
		D3DD13F722C63A1400D2786B /* DetailViewModel.swift */ = {isa = PBXFileReference; lastKnownFileType = sourcecode.swift; path = DetailViewModel.swift; sourceTree = "<group>"; };
		D3DD13F922C63A2B00D2786B /* DetailViewModelDelegate.swift */ = {isa = PBXFileReference; lastKnownFileType = sourcecode.swift; path = DetailViewModelDelegate.swift; sourceTree = "<group>"; };
		D3DD13FB22C63A4300D2786B /* DetailViewModelProtocol.swift */ = {isa = PBXFileReference; lastKnownFileType = sourcecode.swift; path = DetailViewModelProtocol.swift; sourceTree = "<group>"; };
/* End PBXFileReference section */

/* Begin PBXFrameworksBuildPhase section */
		D3DACE3022BB9EA40046E93F /* Frameworks */ = {
			isa = PBXFrameworksBuildPhase;
			buildActionMask = 2147483647;
			files = (
			);
			runOnlyForDeploymentPostprocessing = 0;
		};
/* End PBXFrameworksBuildPhase section */

/* Begin PBXGroup section */
		D349FCF022C0BCA8001F5EA7 /* Network */ = {
			isa = PBXGroup;
			children = (
				D349FCF122C0BCFF001F5EA7 /* NetworkAdapter.swift */,
			);
			path = Network;
			sourceTree = "<group>";
		};
		D349FCF522C0EE67001F5EA7 /* Geners */ = {
			isa = PBXGroup;
			children = (
				D3DD13E722C60FA700D2786B /* GenreMovies */,
				D3DACE4A22BCE1F00046E93F /* GenresViewController.swift */,
				D349FCF622C0EE84001F5EA7 /* GenresViewModel.swift */,
				D349FCF822C0EEA8001F5EA7 /* GenersViewModelProtocol.swift */,
				D349FCFA22C0EFD1001F5EA7 /* GenersViewModelDelegate.swift */,
			);
			name = Geners;
			sourceTree = "<group>";
		};
		D3DACE2A22BB9EA40046E93F = {
			isa = PBXGroup;
			children = (
				D3DACE3522BB9EA40046E93F /* TMDb */,
				D3DACE3422BB9EA40046E93F /* Products */,
			);
			sourceTree = "<group>";
		};
		D3DACE3422BB9EA40046E93F /* Products */ = {
			isa = PBXGroup;
			children = (
				D3DACE3322BB9EA40046E93F /* TMDb.app */,
			);
			name = Products;
			sourceTree = "<group>";
		};
		D3DACE3522BB9EA40046E93F /* TMDb */ = {
			isa = PBXGroup;
			children = (
				D349FCF022C0BCA8001F5EA7 /* Network */,
				D3DACE4E22BCF17C0046E93F /* Controller */,
				D3DACE4D22BCF1730046E93F /* View */,
				D3DACE4C22BCF16A0046E93F /* Model */,
				D3DACE3622BB9EA40046E93F /* AppDelegate.swift */,
				D3DACE3D22BB9EA70046E93F /* Assets.xcassets */,
				D3DACE3F22BB9EA70046E93F /* LaunchScreen.storyboard */,
				D3DACE4222BB9EA70046E93F /* Info.plist */,
			);
			path = TMDb;
			sourceTree = "<group>";
		};
		D3DACE4C22BCF16A0046E93F /* Model */ = {
			isa = PBXGroup;
			children = (
				D349FCF322C0C601001F5EA7 /* Genre.swift */,
				D3DD13B122C20FFE00D2786B /* PopularMovie.swift */,
				D3DD13BF22C34FFE00D2786B /* UpcomingMovie.swift */,
				D3DD13CC22C3754300D2786B /* MovieDetail.swift */,
				D3DD13D722C4B7E100D2786B /* SimilarMovie.swift */,
				D3DD13E422C4E2EF00D2786B /* ImageMovie.swift */,
				D3DD13F022C61B3700D2786B /* GenreMovie.swift */,
			);
			path = Model;
			sourceTree = "<group>";
		};
		D3DACE4D22BCF1730046E93F /* View */ = {
			isa = PBXGroup;
			children = (
				D3DACE5022BCF1BD0046E93F /* MovieTableViewCell.swift */,
				D349FCFC22C0F671001F5EA7 /* UITableView+Extension.swift */,
				D3DD13B522C213AC00D2786B /* PopularCollectionViewCell.swift */,
				D3DD13B722C2141900D2786B /* UICollectionView+Extension.swift */,
				D3DD13C122C3676000D2786B /* UpcomingCollectionViewCell.swift */,
				D3DD13CE22C4A27900D2786B /* SimilarMoviesCollectionViewCell.swift */,
				D3DD13DC22C4D5B600D2786B /* ImageMoviesCollectionViewCell.swift */,
				D3DD13F222C62BD500D2786B /* GenreMoviesCollectionViewCell.swift */,
			);
			path = View;
			sourceTree = "<group>";
		};
		D3DACE4E22BCF17C0046E93F /* Controller */ = {
			isa = PBXGroup;
			children = (
				D3DD13A822C20E4400D2786B /* Movies */,
				D349FCF522C0EE67001F5EA7 /* Geners */,
				D3DACE3822BB9EA40046E93F /* MainTabBarController.swift */,
			);
			name = Controller;
			sourceTree = "<group>";
		};
		D3DD13A822C20E4400D2786B /* Movies */ = {
			isa = PBXGroup;
			children = (
				D3DACE4822BCE1DE0046E93F /* MoviesViewController.swift */,
				D3DD13D922C4CE0200D2786B /* MovieImages */,
				D3DD13D022C4B61500D2786B /* SimilarMovies */,
				D3DD13C322C3740600D2786B /* MovieDetail */,
				D3DD13AA22C20E8900D2786B /* UpcomingMovies */,
				D3DD13A922C20E7D00D2786B /* PopularMovies */,
			);
			name = Movies;
			sourceTree = "<group>";
		};
		D3DD13A922C20E7D00D2786B /* PopularMovies */ = {
			isa = PBXGroup;
			children = (
				D349FCEC22C0A009001F5EA7 /* PopularViewController.swift */,
				D3DD13AB22C20ED300D2786B /* PopularViewModel.swift */,
				D3DD13AD22C20F0000D2786B /* PopularViewModelProtocol.swift */,
				D3DD13AF22C20F1600D2786B /* PopularViewModelDelegate.swift */,
			);
			name = PopularMovies;
			sourceTree = "<group>";
		};
		D3DD13AA22C20E8900D2786B /* UpcomingMovies */ = {
			isa = PBXGroup;
			children = (
				D3DD13F422C639AC00D2786B /* UpcomingDetail */,
				D349FCEE22C0A336001F5EA7 /* UpcomingViewController.swift */,
				D3DD13B922C34DEE00D2786B /* UpcomingViewModel.swift */,
				D3DD13BB22C34E0400D2786B /* UpcomingViewModelProtocol.swift */,
				D3DD13BD22C34E1C00D2786B /* UpcomingViewModelDelegate.swift */,
			);
			name = UpcomingMovies;
			sourceTree = "<group>";
		};
		D3DD13C322C3740600D2786B /* MovieDetail */ = {
			isa = PBXGroup;
			children = (
				D3DD13C422C3743E00D2786B /* MovieDetailViewController.swift */,
				D3DD13C622C3745B00D2786B /* MovieDetailViewModel.swift */,
				D3DD13C822C3747400D2786B /* MovieDetailViewModelProtocol.swift */,
				D3DD13CA22C3749E00D2786B /* MovieDetailViewModelDelegate.swift */,
			);
			name = MovieDetail;
			sourceTree = "<group>";
		};
		D3DD13D022C4B61500D2786B /* SimilarMovies */ = {
			isa = PBXGroup;
			children = (
				D3DD13D122C4B65C00D2786B /* SimilarViewModel.swift */,
				D3DD13D322C4B66F00D2786B /* SimilarViewModelProtocol.swift */,
				D3DD13D522C4B68100D2786B /* SimilarViewModelDelegate.swift */,
			);
			name = SimilarMovies;
			sourceTree = "<group>";
		};
		D3DD13D922C4CE0200D2786B /* MovieImages */ = {
			isa = PBXGroup;
			children = (
				D3DD13DA22C4CE3200D2786B /* MovieImagesViewController.swift */,
				D3DD13DE22C4DFD700D2786B /* MovieImagesViewModel.swift */,
				D3DD13E022C4DFEB00D2786B /* MovieImagesViewModelProtocol.swift */,
				D3DD13E222C4E00100D2786B /* MovieImagesViewModelDelegate.swift */,
			);
			name = MovieImages;
			sourceTree = "<group>";
		};
		D3DD13E722C60FA700D2786B /* GenreMovies */ = {
			isa = PBXGroup;
			children = (
				D3DD13E822C6129000D2786B /* GenreMoviesViewController.swift */,
				D3DD13EA22C6137600D2786B /* GenreMoviesViewModel.swift */,
				D3DD13EE22C614AE00D2786B /* GenreMoviesViewModelProtocol.swift */,
				D3DD13EC22C6149000D2786B /* GenreMoviesViewModelDelegate.swift */,
			);
			name = GenreMovies;
			sourceTree = "<group>";
		};
		D3DD13F422C639AC00D2786B /* UpcomingDetail */ = {
			isa = PBXGroup;
			children = (
				D3DD13F522C639EC00D2786B /* DetailViewController.swift */,
				D3DD13F722C63A1400D2786B /* DetailViewModel.swift */,
				D3DD13F922C63A2B00D2786B /* DetailViewModelDelegate.swift */,
				D3DD13FB22C63A4300D2786B /* DetailViewModelProtocol.swift */,
			);
			name = UpcomingDetail;
			sourceTree = "<group>";
		};
/* End PBXGroup section */

/* Begin PBXNativeTarget section */
		D3DACE3222BB9EA40046E93F /* TMDb */ = {
			isa = PBXNativeTarget;
			buildConfigurationList = D3DACE4522BB9EA70046E93F /* Build configuration list for PBXNativeTarget "TMDb" */;
			buildPhases = (
				D3DACE2F22BB9EA40046E93F /* Sources */,
				D3DACE3022BB9EA40046E93F /* Frameworks */,
				D3DACE3122BB9EA40046E93F /* Resources */,
			);
			buildRules = (
			);
			dependencies = (
			);
			name = TMDb;
			productName = TMDb;
			productReference = D3DACE3322BB9EA40046E93F /* TMDb.app */;
			productType = "com.apple.product-type.application";
		};
/* End PBXNativeTarget section */

/* Begin PBXProject section */
		D3DACE2B22BB9EA40046E93F /* Project object */ = {
			isa = PBXProject;
			attributes = {
				LastSwiftUpdateCheck = 1020;
				LastUpgradeCheck = 1020;
				ORGANIZATIONNAME = "Symbat Bashkeyeva";
				TargetAttributes = {
					D3DACE3222BB9EA40046E93F = {
						CreatedOnToolsVersion = 10.2.1;
					};
				};
			};
			buildConfigurationList = D3DACE2E22BB9EA40046E93F /* Build configuration list for PBXProject "TMDb" */;
			compatibilityVersion = "Xcode 9.3";
			developmentRegion = en;
			hasScannedForEncodings = 0;
			knownRegions = (
				en,
				Base,
			);
			mainGroup = D3DACE2A22BB9EA40046E93F;
			productRefGroup = D3DACE3422BB9EA40046E93F /* Products */;
			projectDirPath = "";
			projectRoot = "";
			targets = (
				D3DACE3222BB9EA40046E93F /* TMDb */,
			);
		};
/* End PBXProject section */

/* Begin PBXResourcesBuildPhase section */
		D3DACE3122BB9EA40046E93F /* Resources */ = {
			isa = PBXResourcesBuildPhase;
			buildActionMask = 2147483647;
			files = (
				D3DACE4122BB9EA70046E93F /* LaunchScreen.storyboard in Resources */,
				D3DACE3E22BB9EA70046E93F /* Assets.xcassets in Resources */,
			);
			runOnlyForDeploymentPostprocessing = 0;
		};
/* End PBXResourcesBuildPhase section */

/* Begin PBXSourcesBuildPhase section */
		D3DACE2F22BB9EA40046E93F /* Sources */ = {
			isa = PBXSourcesBuildPhase;
			buildActionMask = 2147483647;
			files = (
				D3DD13C222C3676000D2786B /* UpcomingCollectionViewCell.swift in Sources */,
				D3DD13F322C62BD500D2786B /* GenreMoviesCollectionViewCell.swift in Sources */,
				D349FCF422C0C601001F5EA7 /* Genre.swift in Sources */,
				D349FCED22C0A009001F5EA7 /* PopularViewController.swift in Sources */,
				D3DD13F122C61B3700D2786B /* GenreMovie.swift in Sources */,
				D3DD13FC22C63A4300D2786B /* DetailViewModelProtocol.swift in Sources */,
				D3DD13FA22C63A2B00D2786B /* DetailViewModelDelegate.swift in Sources */,
				D3DD13EF22C614AE00D2786B /* GenreMoviesViewModelProtocol.swift in Sources */,
				D349FCF722C0EE84001F5EA7 /* GenresViewModel.swift in Sources */,
				D3DD13B022C20F1600D2786B /* PopularViewModelDelegate.swift in Sources */,
				D3DD13AC22C20ED300D2786B /* PopularViewModel.swift in Sources */,
				D349FCFB22C0EFD1001F5EA7 /* GenersViewModelDelegate.swift in Sources */,
				D3DD13D622C4B68100D2786B /* SimilarViewModelDelegate.swift in Sources */,
				D3DD13E922C6129000D2786B /* GenreMoviesViewController.swift in Sources */,
				D3DD13DF22C4DFD700D2786B /* MovieImagesViewModel.swift in Sources */,
				D3DD13C022C34FFE00D2786B /* UpcomingMovie.swift in Sources */,
				D3DD13D422C4B66F00D2786B /* SimilarViewModelProtocol.swift in Sources */,
				D3DD13B622C213AC00D2786B /* PopularCollectionViewCell.swift in Sources */,
				D3DD13F622C639EC00D2786B /* DetailViewController.swift in Sources */,
				D3DD13BE22C34E1C00D2786B /* UpcomingViewModelDelegate.swift in Sources */,
				D3DD13C922C3747400D2786B /* MovieDetailViewModelProtocol.swift in Sources */,
				D3DD13E522C4E2EF00D2786B /* ImageMovie.swift in Sources */,
				D3DACE5122BCF1BD0046E93F /* MovieTableViewCell.swift in Sources */,
				D3DD13CD22C3754300D2786B /* MovieDetail.swift in Sources */,
				D3DD13E322C4E00100D2786B /* MovieImagesViewModelDelegate.swift in Sources */,
				D3DD13D222C4B65C00D2786B /* SimilarViewModel.swift in Sources */,
				D349FCF222C0BCFF001F5EA7 /* NetworkAdapter.swift in Sources */,
				D3DACE4B22BCE1F00046E93F /* GenresViewController.swift in Sources */,
				D3DD13CF22C4A27900D2786B /* SimilarMoviesCollectionViewCell.swift in Sources */,
				D3DACE3922BB9EA40046E93F /* MainTabBarController.swift in Sources */,
				D3DD13B222C20FFE00D2786B /* PopularMovie.swift in Sources */,
				D3DD13DB22C4CE3200D2786B /* MovieImagesViewController.swift in Sources */,
				D3DD13BA22C34DEE00D2786B /* UpcomingViewModel.swift in Sources */,
				D3DD13F822C63A1400D2786B /* DetailViewModel.swift in Sources */,
				D3DD13DD22C4D5B600D2786B /* ImageMoviesCollectionViewCell.swift in Sources */,
				D3DD13C522C3743E00D2786B /* MovieDetailViewController.swift in Sources */,
				D3DD13EB22C6137600D2786B /* GenreMoviesViewModel.swift in Sources */,
				D3DACE3722BB9EA40046E93F /* AppDelegate.swift in Sources */,
				D3DD13C722C3745B00D2786B /* MovieDetailViewModel.swift in Sources */,
				D3DD13AE22C20F0000D2786B /* PopularViewModelProtocol.swift in Sources */,
				D349FCEF22C0A336001F5EA7 /* UpcomingViewController.swift in Sources */,
				D349FCF922C0EEA8001F5EA7 /* GenersViewModelProtocol.swift in Sources */,
				D3DD13B822C2141900D2786B /* UICollectionView+Extension.swift in Sources */,
				D3DACE4922BCE1DE0046E93F /* MoviesViewController.swift in Sources */,
				D3DD13BC22C34E0400D2786B /* UpcomingViewModelProtocol.swift in Sources */,
				D349FCFD22C0F671001F5EA7 /* UITableView+Extension.swift in Sources */,
				D3DD13D822C4B7E100D2786B /* SimilarMovie.swift in Sources */,
				D3DD13CB22C3749E00D2786B /* MovieDetailViewModelDelegate.swift in Sources */,
				D3DD13E122C4DFEB00D2786B /* MovieImagesViewModelProtocol.swift in Sources */,
				D3DD13ED22C6149000D2786B /* GenreMoviesViewModelDelegate.swift in Sources */,
			);
			runOnlyForDeploymentPostprocessing = 0;
		};
/* End PBXSourcesBuildPhase section */

/* Begin PBXVariantGroup section */
		D3DACE3F22BB9EA70046E93F /* LaunchScreen.storyboard */ = {
			isa = PBXVariantGroup;
			children = (
				D3DACE4022BB9EA70046E93F /* Base */,
			);
			name = LaunchScreen.storyboard;
			sourceTree = "<group>";
		};
/* End PBXVariantGroup section */

/* Begin XCBuildConfiguration section */
		D3DACE4322BB9EA70046E93F /* Debug */ = {
			isa = XCBuildConfiguration;
			buildSettings = {
				ALWAYS_SEARCH_USER_PATHS = NO;
				CLANG_ANALYZER_NONNULL = YES;
				CLANG_ANALYZER_NUMBER_OBJECT_CONVERSION = YES_AGGRESSIVE;
				CLANG_CXX_LANGUAGE_STANDARD = "gnu++14";
				CLANG_CXX_LIBRARY = "libc++";
				CLANG_ENABLE_MODULES = YES;
				CLANG_ENABLE_OBJC_ARC = YES;
				CLANG_ENABLE_OBJC_WEAK = YES;
				CLANG_WARN_BLOCK_CAPTURE_AUTORELEASING = YES;
				CLANG_WARN_BOOL_CONVERSION = YES;
				CLANG_WARN_COMMA = YES;
				CLANG_WARN_CONSTANT_CONVERSION = YES;
				CLANG_WARN_DEPRECATED_OBJC_IMPLEMENTATIONS = YES;
				CLANG_WARN_DIRECT_OBJC_ISA_USAGE = YES_ERROR;
				CLANG_WARN_DOCUMENTATION_COMMENTS = YES;
				CLANG_WARN_EMPTY_BODY = YES;
				CLANG_WARN_ENUM_CONVERSION = YES;
				CLANG_WARN_INFINITE_RECURSION = YES;
				CLANG_WARN_INT_CONVERSION = YES;
				CLANG_WARN_NON_LITERAL_NULL_CONVERSION = YES;
				CLANG_WARN_OBJC_IMPLICIT_RETAIN_SELF = YES;
				CLANG_WARN_OBJC_LITERAL_CONVERSION = YES;
				CLANG_WARN_OBJC_ROOT_CLASS = YES_ERROR;
				CLANG_WARN_RANGE_LOOP_ANALYSIS = YES;
				CLANG_WARN_STRICT_PROTOTYPES = YES;
				CLANG_WARN_SUSPICIOUS_MOVE = YES;
				CLANG_WARN_UNGUARDED_AVAILABILITY = YES_AGGRESSIVE;
				CLANG_WARN_UNREACHABLE_CODE = YES;
				CLANG_WARN__DUPLICATE_METHOD_MATCH = YES;
				CODE_SIGN_IDENTITY = "iPhone Developer";
				COPY_PHASE_STRIP = NO;
				DEBUG_INFORMATION_FORMAT = dwarf;
				ENABLE_STRICT_OBJC_MSGSEND = YES;
				ENABLE_TESTABILITY = YES;
				GCC_C_LANGUAGE_STANDARD = gnu11;
				GCC_DYNAMIC_NO_PIC = NO;
				GCC_NO_COMMON_BLOCKS = YES;
				GCC_OPTIMIZATION_LEVEL = 0;
				GCC_PREPROCESSOR_DEFINITIONS = (
					"DEBUG=1",
					"$(inherited)",
				);
				GCC_WARN_64_TO_32_BIT_CONVERSION = YES;
				GCC_WARN_ABOUT_RETURN_TYPE = YES_ERROR;
				GCC_WARN_UNDECLARED_SELECTOR = YES;
				GCC_WARN_UNINITIALIZED_AUTOS = YES_AGGRESSIVE;
				GCC_WARN_UNUSED_FUNCTION = YES;
				GCC_WARN_UNUSED_VARIABLE = YES;
				IPHONEOS_DEPLOYMENT_TARGET = 12.2;
				MTL_ENABLE_DEBUG_INFO = INCLUDE_SOURCE;
				MTL_FAST_MATH = YES;
				ONLY_ACTIVE_ARCH = YES;
				SDKROOT = iphoneos;
				SWIFT_ACTIVE_COMPILATION_CONDITIONS = DEBUG;
				SWIFT_OPTIMIZATION_LEVEL = "-Onone";
			};
			name = Debug;
		};
		D3DACE4422BB9EA70046E93F /* Release */ = {
			isa = XCBuildConfiguration;
			buildSettings = {
				ALWAYS_SEARCH_USER_PATHS = NO;
				CLANG_ANALYZER_NONNULL = YES;
				CLANG_ANALYZER_NUMBER_OBJECT_CONVERSION = YES_AGGRESSIVE;
				CLANG_CXX_LANGUAGE_STANDARD = "gnu++14";
				CLANG_CXX_LIBRARY = "libc++";
				CLANG_ENABLE_MODULES = YES;
				CLANG_ENABLE_OBJC_ARC = YES;
				CLANG_ENABLE_OBJC_WEAK = YES;
				CLANG_WARN_BLOCK_CAPTURE_AUTORELEASING = YES;
				CLANG_WARN_BOOL_CONVERSION = YES;
				CLANG_WARN_COMMA = YES;
				CLANG_WARN_CONSTANT_CONVERSION = YES;
				CLANG_WARN_DEPRECATED_OBJC_IMPLEMENTATIONS = YES;
				CLANG_WARN_DIRECT_OBJC_ISA_USAGE = YES_ERROR;
				CLANG_WARN_DOCUMENTATION_COMMENTS = YES;
				CLANG_WARN_EMPTY_BODY = YES;
				CLANG_WARN_ENUM_CONVERSION = YES;
				CLANG_WARN_INFINITE_RECURSION = YES;
				CLANG_WARN_INT_CONVERSION = YES;
				CLANG_WARN_NON_LITERAL_NULL_CONVERSION = YES;
				CLANG_WARN_OBJC_IMPLICIT_RETAIN_SELF = YES;
				CLANG_WARN_OBJC_LITERAL_CONVERSION = YES;
				CLANG_WARN_OBJC_ROOT_CLASS = YES_ERROR;
				CLANG_WARN_RANGE_LOOP_ANALYSIS = YES;
				CLANG_WARN_STRICT_PROTOTYPES = YES;
				CLANG_WARN_SUSPICIOUS_MOVE = YES;
				CLANG_WARN_UNGUARDED_AVAILABILITY = YES_AGGRESSIVE;
				CLANG_WARN_UNREACHABLE_CODE = YES;
				CLANG_WARN__DUPLICATE_METHOD_MATCH = YES;
				CODE_SIGN_IDENTITY = "iPhone Developer";
				COPY_PHASE_STRIP = NO;
				DEBUG_INFORMATION_FORMAT = "dwarf-with-dsym";
				ENABLE_NS_ASSERTIONS = NO;
				ENABLE_STRICT_OBJC_MSGSEND = YES;
				GCC_C_LANGUAGE_STANDARD = gnu11;
				GCC_NO_COMMON_BLOCKS = YES;
				GCC_WARN_64_TO_32_BIT_CONVERSION = YES;
				GCC_WARN_ABOUT_RETURN_TYPE = YES_ERROR;
				GCC_WARN_UNDECLARED_SELECTOR = YES;
				GCC_WARN_UNINITIALIZED_AUTOS = YES_AGGRESSIVE;
				GCC_WARN_UNUSED_FUNCTION = YES;
				GCC_WARN_UNUSED_VARIABLE = YES;
				IPHONEOS_DEPLOYMENT_TARGET = 12.2;
				MTL_ENABLE_DEBUG_INFO = NO;
				MTL_FAST_MATH = YES;
				SDKROOT = iphoneos;
				SWIFT_COMPILATION_MODE = wholemodule;
				SWIFT_OPTIMIZATION_LEVEL = "-O";
				VALIDATE_PRODUCT = YES;
			};
			name = Release;
		};
		D3DACE4622BB9EA70046E93F /* Debug */ = {
			isa = XCBuildConfiguration;
			buildSettings = {
				ASSETCATALOG_COMPILER_APPICON_NAME = AppIcon;
				CODE_SIGN_STYLE = Automatic;
				INFOPLIST_FILE = TMDb/Info.plist;
				LD_RUNPATH_SEARCH_PATHS = (
					"$(inherited)",
					"@executable_path/Frameworks",
				);
				PRODUCT_BUNDLE_IDENTIFIER = KBTU.TMDb;
				PRODUCT_NAME = "$(TARGET_NAME)";
				SWIFT_VERSION = 5.0;
				TARGETED_DEVICE_FAMILY = "1,2";
			};
			name = Debug;
		};
		D3DACE4722BB9EA70046E93F /* Release */ = {
			isa = XCBuildConfiguration;
			buildSettings = {
				ASSETCATALOG_COMPILER_APPICON_NAME = AppIcon;
				CODE_SIGN_STYLE = Automatic;
				INFOPLIST_FILE = TMDb/Info.plist;
				LD_RUNPATH_SEARCH_PATHS = (
					"$(inherited)",
					"@executable_path/Frameworks",
				);
				PRODUCT_BUNDLE_IDENTIFIER = KBTU.TMDb;
				PRODUCT_NAME = "$(TARGET_NAME)";
				SWIFT_VERSION = 5.0;
				TARGETED_DEVICE_FAMILY = "1,2";
			};
			name = Release;
		};
/* End XCBuildConfiguration section */

/* Begin XCConfigurationList section */
		D3DACE2E22BB9EA40046E93F /* Build configuration list for PBXProject "TMDb" */ = {
			isa = XCConfigurationList;
			buildConfigurations = (
				D3DACE4322BB9EA70046E93F /* Debug */,
				D3DACE4422BB9EA70046E93F /* Release */,
			);
			defaultConfigurationIsVisible = 0;
			defaultConfigurationName = Release;
		};
		D3DACE4522BB9EA70046E93F /* Build configuration list for PBXNativeTarget "TMDb" */ = {
			isa = XCConfigurationList;
			buildConfigurations = (
				D3DACE4622BB9EA70046E93F /* Debug */,
				D3DACE4722BB9EA70046E93F /* Release */,
			);
			defaultConfigurationIsVisible = 0;
			defaultConfigurationName = Release;
		};
/* End XCConfigurationList section */
	};
	rootObject = D3DACE2B22BB9EA40046E93F /* Project object */;
}
